{
  "name": "chatbot-autocomplete",
  "version": "1.0.0",
  "lockfileVersion": 1,
  "requires": true,
  "dependencies": {
    "@types/node": {
      "version": "12.0.8",
      "dev": true
    },
    "HiddenMarkovModel": {
      "version": "0.0.5",
      "resolved": "https://registry.npmjs.org/HiddenMarkovModel/-/HiddenMarkovModel-0.0.5.tgz",
      "integrity": "sha512-LT4RPOd5pshEmScnwkTI6DNPsTAjFhEzh+EtqaB+XveqUJ+bqr2xRqgG0Ra8BzGuXoZPeLZpcNAphh0J0Ag4OQ=="
    },
    "typescript": {
      "version": "3.5.2",
      "dev": true
    }
  }
}
